
Microsoft Visual Studio Solution File, Format Version 12.00
# Visual Studio 14
VisualStudioVersion = 14.0.25123.0
MinimumVisualStudioVersion = 10.0.40219.1
Project("{FAE04EC0-301F-11D3-BF4B-00C04F79EFBC}") = "TatAutomationFramework.Common", "TatAutomationFramework.Common\TatAutomationFramework.Common.csproj", "{982C00AA-3634-4FA5-8CF2-0265D01BDA2F}"
EndProject
Project("{FAE04EC0-301F-11D3-BF4B-00C04F79EFBC}") = "TatAutomationFramework.Web", "TatAutomationFramework.Web\TatAutomationFramework.Web.csproj", "{AE6647E3-CAC1-428A-9D9D-344051C958D4}"
EndProject
Project("{FAE04EC0-301F-11D3-BF4B-00C04F79EFBC}") = "TatAutomationFramework.Tests", "TatAutomationFramework.Tests\TatAutomationFramework.Tests.csproj", "{8FEA4936-7E0D-4ADD-9A8D-9F315421E852}"
EndProject
Global
	GlobalSection(SolutionConfigurationPlatforms) = preSolution
		Debug|Any CPU = Debug|Any CPU
		Release|Any CPU = Release|Any CPU
	EndGlobalSection
	GlobalSection(ProjectConfigurationPlatforms) = postSolution
		{982C00AA-3634-4FA5-8CF2-0265D01BDA2F}.Debug|Any CPU.ActiveCfg = Debug|Any CPU
		{982C00AA-3634-4FA5-8CF2-0265D01BDA2F}.Debug|Any CPU.Build.0 = Debug|Any CPU
		{982C00AA-3634-4FA5-8CF2-0265D01BDA2F}.Release|Any CPU.ActiveCfg = Release|Any CPU
		{982C00AA-3634-4FA5-8CF2-0265D01BDA2F}.Release|Any CPU.Build.0 = Release|Any CPU
		{AE6647E3-CAC1-428A-9D9D-344051C958D4}.Debug|Any CPU.ActiveCfg = Debug|Any CPU
		{AE6647E3-CAC1-428A-9D9D-344051C958D4}.Debug|Any CPU.Build.0 = Debug|Any CPU
		{AE6647E3-CAC1-428A-9D9D-344051C958D4}.Release|Any CPU.ActiveCfg = Release|Any CPU
		{AE6647E3-CAC1-428A-9D9D-344051C958D4}.Release|Any CPU.Build.0 = Release|Any CPU
		{8FEA4936-7E0D-4ADD-9A8D-9F315421E852}.Debug|Any CPU.ActiveCfg = Debug|Any CPU
		{8FEA4936-7E0D-4ADD-9A8D-9F315421E852}.Debug|Any CPU.Build.0 = Debug|Any CPU
		{8FEA4936-7E0D-4ADD-9A8D-9F315421E852}.Release|Any CPU.ActiveCfg = Release|Any CPU
		{8FEA4936-7E0D-4ADD-9A8D-9F315421E852}.Release|Any CPU.Build.0 = Release|Any CPU
	EndGlobalSection
	GlobalSection(SolutionProperties) = preSolution
		HideSolutionNode = FALSE
	EndGlobalSection
EndGlobal
